
Microsoft Visual Studio Solution File, Format Version 12.00
# Visual Studio Version 17
VisualStudioVersion = 17.8.34330.188
MinimumVisualStudioVersion = 10.0.40219.1
Project("{FAE04EC0-301F-11D3-BF4B-00C04F79EFBC}") = "GuidGeneratorApi", "GuidGeneratorApi\GuidGeneratorApi.csproj", "{EC0CE159-D428-49E2-9A7D-50061F08ACF1}"
EndProject
Global
	GlobalSection(SolutionConfigurationPlatforms) = preSolution
		Debug|Any CPU = Debug|Any CPU
		Release|Any CPU = Release|Any CPU
	EndGlobalSection
	GlobalSection(ProjectConfigurationPlatforms) = postSolution
		{EC0CE159-D428-49E2-9A7D-50061F08ACF1}.Debug|Any CPU.ActiveCfg = Debug|Any CPU
		{EC0CE159-D428-49E2-9A7D-50061F08ACF1}.Debug|Any CPU.Build.0 = Debug|Any CPU
		{EC0CE159-D428-49E2-9A7D-50061F08ACF1}.Release|Any CPU.ActiveCfg = Release|Any CPU
		{EC0CE159-D428-49E2-9A7D-50061F08ACF1}.Release|Any CPU.Build.0 = Release|Any CPU
	EndGlobalSection
	GlobalSection(SolutionProperties) = preSolution
		HideSolutionNode = FALSE
	EndGlobalSection
	GlobalSection(ExtensibilityGlobals) = postSolution
		SolutionGuid = {3DDAE483-FDBA-465A-9C77-D93B2E57F728}
	EndGlobalSection
EndGlobal
